{
    "_meta": {
        "hash": {
            "sha256": "bcd718e09f0e5bf9221f2ccc01a9850f9093fbf8132b6da7f48399a7b142508b"
        },
        "pipfile-spec": 6,
        "requires": {
            "python_version": "3.7"
        },
        "sources": [
            {
                "name": "pypi",
                "url": "https://pypi.org/simple",
                "verify_ssl": true
            }
        ]
    },
    "default": {
        "astroid": {
            "hashes": [
                "sha256:6560e1e1749f68c64a4b5dee4e091fce798d2f0d84ebe638cf0e0585a343acf4",
                "sha256:b65db1bbaac9f9f4d190199bb8680af6f6f84fd3769a5ea883df8a91fe68b4c4"
            ],
            "version": "==2.2.5"
        },
        "atomicwrites": {
            "hashes": [
                "sha256:03472c30eb2c5d1ba9227e4c2ca66ab8287fbfbbda3888aa93dc2e28fc6811b4",
                "sha256:75a9445bac02d8d058d5e1fe689654ba5a6556a1dfd8ce6ec55a0ed79866cfa6"
            ],
            "version": "==1.3.0"
        },
        "attrs": {
            "hashes": [
                "sha256:69c0dbf2ed392de1cb5ec704444b08a5ef81680a61cb899dc08127123af36a79",
                "sha256:f0b870f674851ecbfbbbd364d6b5cbdff9dcedbc7f3f5e18a6891057f21fe399"
            ],
            "version": "==19.1.0"
        },
        "backcall": {
            "hashes": [
                "sha256:38ecd85be2c1e78f77fd91700c76e14667dc21e2713b63876c0eb901196e01e4",
                "sha256:bbbf4b1e5cd2bdb08f915895b51081c041bac22394fdfcfdfbe9f14b77c08bf2"
            ],
            "version": "==0.1.0"
        },
        "cassandra-driver": {
            "hashes": [
                "sha256:42bcb167a90da6604081872ef609a327a63273842da81120fc462de031155abe"
            ],
            "index": "pypi",
            "version": "==3.16.0"
        },
        "confluent-kafka": {
            "hashes": [
                "sha256:1468028c553117a3f7799cf47bbf43c13b90736de32f6f24871da3a17083cfc4",
                "sha256:162ee73f30d4ba96476705faef8969e1d5ffeec335c576db949ab034807e3d6d",
                "sha256:1696927c59d4212adc974f90c2de2cfcd44ea24bb7428ff7fcaf88b1c81f2769",
                "sha256:1fd414e4bbf98602b98bd092c5b7585c1f8173a0a62832ae802d901da5a44252",
                "sha256:20b43aa5c542ec57840f33a4d2512da7f099dea4cd5366e7a1662db417d84d9d",
                "sha256:229c69710f36d70c64a2271cd1035b2c45fde0972e6759152e6c81ca5d6a6ace",
                "sha256:2746f7796b3c15dabd07a7750ff2cb3cb9a1e97aab6881c6b1e091fc9ca27fb7",
                "sha256:2beccdb3f819b6f37159a787fce269d15f7473336e623ea9fe093784ba21b0b7",
                "sha256:32be579922946e5c1befcb32cc1a2b448d93b44708602002494ade57f3feb6b5",
                "sha256:3c736617537c1797091482cf454b07b935d194b45b116ff995ec5fd9c163e4d8",
                "sha256:3d8c0aefeabfb73bdf0b7247715a74bb257f583a700cf09944fa9cbeb3d31f41",
                "sha256:4e2e35d73198ac57d424c09da398f5d7efef73e59907f3be948214df57d0b96c",
                "sha256:542086d98e9d21a2be3c6481b54d753c5d81c08ad701c551ece7b7bdcc984806",
                "sha256:6b2fbbc2b1f019a43dc77574bcda49c65a1e134c4d46222d28ab31c36a424af1",
                "sha256:7e8ab0528b2145ff26866b04eea1b455cc3f42e47c3cc23c150448f72061e65f",
                "sha256:8432302760f40f3622e33057b8be8fc0827d54a4e126fb49a15344fd6dfcc4c6",
                "sha256:ab8aeed39d71f03ef3fa0f900a64455f4cf88948d02eb0b0a4b3deff603c396d",
                "sha256:ad2a8b19878a231537922d90e7074ab3767cfd640c66d1cacff05065c3736e24",
                "sha256:b23f4971284936468dbd77906f732b7400da0abfc450c89d1258869c882e58f9",
                "sha256:d1a4768ab3a94e64fc43374c6acaec2bcaae874bd73919ba563e6b86e9766744",
                "sha256:d25522f009784c044018f67a99ef39e6b38928d9f03b91325b941c58f3f23c6c",
                "sha256:e1bef3f5861de4fb2d3f4ecb9028faf48885432e90ad31749f5adb4e608b135f",
                "sha256:f607294ad8222ca1164b0a34a26cbf7b66b9299dae1a98742bf1876a0a64fb64",
                "sha256:fa0693acb4f70542ccd6a9cbf4430fde864511e83e898a4905a12ea1cf7d3d29",
                "sha256:fbbdf9de3e373cc9a7ae6e0f2edeb7a00db9efc4892e62db38c4d869543d0aa6",
                "sha256:fcb1d47d6dde313115a22224b3a4d369cf2a5330647bcfd87ac22ad2c0b8ec53"
            ],
            "index": "pypi",
            "version": "==0.11.6"
        },
        "cython": {
            "hashes": [
                "sha256:04ebf16df9406d3279a2489c3327803c782d9e17637d525bfb44ecf5ec65850f",
                "sha256:1486ec88d1c73dea3846a5640054018b002608e04a791ccbd2082a47bce4440a",
                "sha256:20da832a5e9a8e93d1e1eb64650258956723940968eb585506531719b55b804f",
                "sha256:2464688b523d7a133b52cf1343c1c595b92fc6554af1015f74b9e49951e992d4",
                "sha256:27827b68a8359e9ab6bf683c68d8ee79863a0c94a577acf56aa02cc302e16f51",
                "sha256:27deeeeca0fd8933af07923e809c8fed0763d150a4fdd4082932a33b8c874ed6",
                "sha256:31f4da785d5e09deb852ea59795a629c5befb6040929e7880c6f63e6668246ce",
                "sha256:4828cf8fa638c35139e643f30201b240c0d156b1b9967a7321ae42d721d7224c",
                "sha256:48b365e32cc5639ae2c239d7bd4f8a1d920a13a7ae92113c4c938903c9400147",
                "sha256:4eb71856c1d1b33083df9318fd30143470ad6f0d1b9ad2ee61a120710842d28b",
                "sha256:5b06ef8422d27d8128f8f80bdefa111eadcab246fba1d668720af4f0b97b7a0e",
                "sha256:71c553640e1ddaaf143e38dbc6cd1863fa3c0738fb1830a9aaffba9a51838f30",
                "sha256:73e2742ee1f923c5f213183bf493901f9630e395634fce5b739a53b7dc5d64be",
                "sha256:82a632bc02063eff0b8e7ff3089aa3d912d1c7499709f51c8f04f57c8832cfe6",
                "sha256:977ca1ac059e4d4a4bf5fe2224986baf42b69290453eda44822606f4deae6515",
                "sha256:a7e6217d0dd864a7cc4f457172766864496efd64d24d4980df1521f75f992761",
                "sha256:ad0ed7dd5dff76eb3aae8c18d95b1c9f885a91a92132728051a704fb8060d08c",
                "sha256:b1b8eda9e931f0ca1aadb95a890811bdf530407e48c962643b85675329d99abf",
                "sha256:cec99c79205131da3ee75becea1f3f55c57bf6a1c500431de9ae7a32ac8a5cc4",
                "sha256:d4bbdaa6f61ce2ef26535a7d473d6ffa6e413013c5c580af999546bf1627ae11",
                "sha256:d8bdb4208975b12048bdace46e9dd8e3dda3872432f95b53789700a1330e6060",
                "sha256:dce0362ff9b61f8411d1efc9e16fc528dadbd3707a557561992457f5cb446297",
                "sha256:defbbbf5653629ce5cc54091ce49c6830da8d3104de53ed2169c9efcb0720f27",
                "sha256:e0c53a7e2b6d82ec3c26c009c937fc88eb8c7edf000c54334261beaf56bb08f2",
                "sha256:e1065bacfe5303f107896e63263537dee90920d26050f2e23c4af12c37da2db6",
                "sha256:e142837c4212c0b2c71e6773cb6740828922806b4c00ee4215be3ceb558671e6",
                "sha256:f4cbbab28c93ffee6ec929cf0826f0b11d2488e53a708d51142a5e62f8cd9806",
                "sha256:fa8f63b6551621eea9efea4db37ae401104352f0ebaee32f7d20be88cbe589c3"
            ],
            "index": "pypi",
            "version": "==0.29.12"
        },
        "decorator": {
            "hashes": [
                "sha256:86156361c50488b84a3f148056ea716ca587df2f0de1d34750d35c21312725de",
                "sha256:f069f3a01830ca754ba5258fde2278454a0b5b79e0d7f5c13b3b97e57d4acff6"
            ],
            "version": "==4.4.0"
        },
        "importlib-metadata": {
            "hashes": [
                "sha256:6dfd58dfe281e8d240937776065dd3624ad5469c835248219bd16cf2e12dbeb7",
                "sha256:cb6ee23b46173539939964df59d3d72c3e0c1b5d54b84f1d8a7e912fe43612db"
            ],
            "version": "==0.18"
        },
        "ipython": {
            "hashes": [
                "sha256:11067ab11d98b1e6c7f0993506f7a5f8a91af420f7e82be6575fcb7a6ca372a0",
                "sha256:60bc55c2c1d287161191cc2469e73c116d9b634cff25fe214a43cba7cec94c79"
            ],
            "index": "pypi",
            "version": "==7.6.1"
        },
        "ipython-genutils": {
            "hashes": [
                "sha256:72dd37233799e619666c9f639a9da83c34013a73e8bbc79a7a6348d93c61fab8",
                "sha256:eb2e116e75ecef9d4d228fdc66af54269afa26ab4463042e33785b887c628ba8"
            ],
            "version": "==0.2.0"
        },
        "isort": {
            "hashes": [
                "sha256:54da7e92468955c4fceacd0c86bd0ec997b0e1ee80d97f67c35a78b719dccab1",
                "sha256:6e811fcb295968434526407adb8796944f1988c5b65e8139058f2014cbe100fd"
            ],
            "version": "==4.3.21"
        },
        "jedi": {
            "hashes": [
                "sha256:49ccb782651bb6f7009810d17a3316f8867dde31654c750506970742e18b553d",
                "sha256:79d0f6595f3846dffcbe667cc6dc821b96e5baa8add125176c31a3917eb19d58"
            ],
            "version": "==0.14.0"
        },
        "lazy-object-proxy": {
            "hashes": [
                "sha256:159a745e61422217881c4de71f9eafd9d703b93af95618635849fe469a283661",
                "sha256:23f63c0821cc96a23332e45dfaa83266feff8adc72b9bcaef86c202af765244f",
                "sha256:3b11be575475db2e8a6e11215f5aa95b9ec14de658628776e10d96fa0b4dac13",
                "sha256:3f447aff8bc61ca8b42b73304f6a44fa0d915487de144652816f950a3f1ab821",
                "sha256:4ba73f6089cd9b9478bc0a4fa807b47dbdb8fad1d8f31a0f0a5dbf26a4527a71",
                "sha256:4f53eadd9932055eac465bd3ca1bd610e4d7141e1278012bd1f28646aebc1d0e",
                "sha256:64483bd7154580158ea90de5b8e5e6fc29a16a9b4db24f10193f0c1ae3f9d1ea",
                "sha256:6f72d42b0d04bfee2397aa1862262654b56922c20a9bb66bb76b6f0e5e4f9229",
                "sha256:7c7f1ec07b227bdc561299fa2328e85000f90179a2f44ea30579d38e037cb3d4",
                "sha256:7c8b1ba1e15c10b13cad4171cfa77f5bb5ec2580abc5a353907780805ebe158e",
                "sha256:8559b94b823f85342e10d3d9ca4ba5478168e1ac5658a8a2f18c991ba9c52c20",
                "sha256:a262c7dfb046f00e12a2bdd1bafaed2408114a89ac414b0af8755c696eb3fc16",
                "sha256:acce4e3267610c4fdb6632b3886fe3f2f7dd641158a843cf6b6a68e4ce81477b",
                "sha256:be089bb6b83fac7f29d357b2dc4cf2b8eb8d98fe9d9ff89f9ea6012970a853c7",
                "sha256:bfab710d859c779f273cc48fb86af38d6e9210f38287df0069a63e40b45a2f5c",
                "sha256:c10d29019927301d524a22ced72706380de7cfc50f767217485a912b4c8bd82a",
                "sha256:dd6e2b598849b3d7aee2295ac765a578879830fb8966f70be8cd472e6069932e",
                "sha256:e408f1eacc0a68fed0c08da45f31d0ebb38079f043328dce69ff133b95c29dc1"
            ],
            "version": "==1.4.1"
        },
        "lz4": {
            "hashes": [
                "sha256:00e4da8832ed91ac1a9c7e408ae4681fc4412ea12695312b513f19dea8a339ca",
                "sha256:049b63b6bce42654d4c1dab511c0c8d64019c522b246800fd32c62427ec2ba2f",
                "sha256:0dac8e2746f2fdfe7baf4eace54b183139b63f1ca287ee3dd2ee712306c69f73",
                "sha256:0f7ce41fa2c316c4fcfbade045aeb9841bb61c6fad12dd44e0decbeb6d555276",
                "sha256:138de6f0064330355e03edd13606f6ba402598b4944f26d0f0172bf090c3aef8",
                "sha256:14ff79efd10d8f6449843fc5d32a2a689dfdf5d85f368c42b6c6d381ea015173",
                "sha256:24308d6cab766a98f4740b6096039cd808f6c31c68a2c210c3713a3f258941d4",
                "sha256:2a36379cb6eddd7b4675493a747701b09d029848e70442245a7ed25077be703c",
                "sha256:2b302f93c8a0275e8081aebd7fb774ac32657347647a19740ff786b6654bd1d9",
                "sha256:3b73354848497060821c949ef0a7d31613065d2c5af11fb0d9a05f2592c20682",
                "sha256:3c19ab1c11cc7c0212a12e9d2de9fa92594df4dccb73f5df2fc32bd05877bc33",
                "sha256:445504729ffbb9f64fbc8248ba4232b4953504ee9d6b222e7faa70c433e24df5",
                "sha256:4c19bd8212b98106496214b811c9e3007487e9ea64027a3753e16813bdd91cf0",
                "sha256:5db0958c790253c20f42276b9920b0a4d8200fcf584c23121df6c5fda0605e83",
                "sha256:6dffb6199901398a1961201dad1470df5355977eca79ee99dc6e4bd53cb77f54",
                "sha256:7af4bea8979ac7d72346ea93c8ffb8b50b9da7e5755f6cec1829e65c2fd635f6",
                "sha256:9a0e10d52377fdaee12abfd0e538446532b73dc549bc41466a89549a4cfd76fe",
                "sha256:b2b7f0902a6740ea0acac3d59ffd8ee7120cf058e3ef5bdebd0685763b99a5ae",
                "sha256:c44cbca78544d22785f51c9f1bb9e0165fa4dd594d64f2fae8e588ce2bdcb32d",
                "sha256:c48dd5b991254e97f5675bfd73a01c726db189e5482c4375e9e369d8dcc786db",
                "sha256:c51db2c6467fe523a5be08b2e2ba1214f54f87c525cba473a6b2df86af8841fd",
                "sha256:cc71ac26f246287aadc7b08bbdf5e0b9a99acc0c79a4bb7ca5249455504c9a8b",
                "sha256:d3b3fd561e35e4569cb65adb91c981381ad968f0df043eeff3444bc6f8abd0ef",
                "sha256:d86cd25ade85e4eacd92bb4f7a641209c88f10b87b1d08aaac9cf5e416cf5d28",
                "sha256:db4ac5a9b54d6d6b5bb0d6f9b77790f1460e2aeb37cd8ec76c96fe78aaf4a2a8",
                "sha256:f9574e5e0f56ae30a47ec666b6c86bb8fbd2b0e4bd2592305044221822656807",
                "sha256:fd10f87333339266ec8ed8257212f2c8bc4e799026a5c3c9cdd1b32c030c484d",
                "sha256:fdb78ed85b0a7c71fd887006f34910df6701b7ee933bbf1086a8043d20463158"
            ],
            "index": "pypi",
            "version": "==2.1.10"
        },
        "mccabe": {
            "hashes": [
                "sha256:ab8a6258860da4b6677da4bd2fe5dc2c659cff31b3ee4f7f5d64e79735b80d42",
                "sha256:dd8d182285a0fe56bace7f45b5e7d1a6ebcbf524e8f3bd87eb0f125271b8831f"
            ],
            "version": "==0.6.1"
        },
        "more-itertools": {
            "hashes": [
                "sha256:3ad685ff8512bf6dc5a8b82ebf73543999b657eded8c11803d9ba6b648986f4d",
                "sha256:8bb43d1f51ecef60d81854af61a3a880555a14643691cc4b64a6ee269c78f09a"
            ],
            "version": "==7.1.0"
        },
        "mypy": {
            "hashes": [
                "sha256:12d18bd7fc642c5d54b1bb62dde813a7e2ab79b32ee11ff206ac387c68fc2ad4",
                "sha256:23e24bc1683a36f39dee67d8ac74ea414654642eee26d420bada95b8ee8c9095",
                "sha256:2b38e64c52a8968df4ebcae0ddba4a54eb94d184695dd4e54e14509a9389b78c",
                "sha256:3d4f551466a76e278187ec3a5b26cfb50f72f6760b749aa00ac69a6f9c99898d",
                "sha256:53d5dacb8d844e50be698830509aa592b093547e7ab90aee63eb23db61109007",
                "sha256:56f981d246010ba21cac6b2455eaecfaf68fc8a5663d865b26c8e579c36f751d",
                "sha256:8c57f6f59f1e8479d9fc6e1bf034353e54626ed64e32394c613afc493a441dc1",
                "sha256:bbed4a593d87476b592d52867ef86da2155ccd0becf0c4c02e6567d842e43368",
                "sha256:d6ff850e2ba18b2db7704897c8f2f1384478e3b75ad292ec06196bf7794f3a40",
                "sha256:e13b1bb8785d7f785e0b88873f1c21cda58ceba9ce1153b58cbfa24b09a111d5",
                "sha256:e2b9ee6f648ce72d6741925a47c88c2391168ef973b6f74f17969450c5b1ffdd"
            ],
            "index": "pypi",
            "version": "==0.711"
        },
        "mypy-extensions": {
            "hashes": [
                "sha256:37e0e956f41369209a3d5f34580150bcacfabaa57b33a15c0b25f4b5725e0812",
                "sha256:b16cabe759f55e3409a7d231ebd2841378fb0c27a5d1994719e340e4f429ac3e"
            ],
            "version": "==0.4.1"
        },
        "numpy": {
            "hashes": [
                "sha256:0778076e764e146d3078b17c24c4d89e0ecd4ac5401beff8e1c87879043a0633",
                "sha256:141c7102f20abe6cf0d54c4ced8d565b86df4d3077ba2343b61a6db996cefec7",
                "sha256:14270a1ee8917d11e7753fb54fc7ffd1934f4d529235beec0b275e2ccf00333b",
                "sha256:27e11c7a8ec9d5838bc59f809bfa86efc8a4fd02e58960fa9c49d998e14332d5",
                "sha256:2a04dda79606f3d2f760384c38ccd3d5b9bb79d4c8126b67aff5eb09a253763e",
                "sha256:3c26010c1b51e1224a3ca6b8df807de6e95128b0908c7e34f190e7775455b0ca",
                "sha256:52c40f1a4262c896420c6ea1c6fda62cf67070e3947e3307f5562bd783a90336",
                "sha256:6e4f8d9e8aa79321657079b9ac03f3cf3fd067bf31c1cca4f56d49543f4356a5",
                "sha256:7242be12a58fec245ee9734e625964b97cf7e3f2f7d016603f9e56660ce479c7",
                "sha256:7dc253b542bfd4b4eb88d9dbae4ca079e7bf2e2afd819ee18891a43db66c60c7",
                "sha256:94f5bd885f67bbb25c82d80184abbf7ce4f6c3c3a41fbaa4182f034bba803e69",
                "sha256:a89e188daa119ffa0d03ce5123dee3f8ffd5115c896c2a9d4f0dbb3d8b95bfa3",
                "sha256:ad3399da9b0ca36e2f24de72f67ab2854a62e623274607e37e0ce5f5d5fa9166",
                "sha256:b0348be89275fd1d4c44ffa39530c41a21062f52299b1e3ee7d1c61f060044b8",
                "sha256:b5554368e4ede1856121b0dfa35ce71768102e4aa55e526cb8de7f374ff78722",
                "sha256:cbddc56b2502d3f87fda4f98d948eb5b11f36ff3902e17cb6cc44727f2200525",
                "sha256:d79f18f41751725c56eceab2a886f021d70fd70a6188fd386e29a045945ffc10",
                "sha256:dc2ca26a19ab32dc475dbad9dfe723d3a64c835f4c23f625c2b6566ca32b9f29",
                "sha256:dd9bcd4f294eb0633bb33d1a74febdd2b9018b8b8ed325f861fffcd2c7660bb8",
                "sha256:e8baab1bc7c9152715844f1faca6744f2416929de10d7639ed49555a85549f52",
                "sha256:ec31fe12668af687b99acf1567399632a7c47b0e17cfb9ae47c098644ef36797",
                "sha256:f12b4f7e2d8f9da3141564e6737d79016fe5336cc92de6814eba579744f65b0a",
                "sha256:f58ac38d5ca045a377b3b377c84df8175ab992c970a53332fa8ac2373df44ff7"
            ],
            "version": "==1.16.4"
        },
        "packaging": {
            "hashes": [
                "sha256:0c98a5d0be38ed775798ece1b9727178c4469d9c3b4ada66e8e6b7849f8732af",
                "sha256:9e1cbf8c12b1f1ce0bb5344b8d7ecf66a6f8a6e91bcb0c84593ed6d3ab5c4ab3"
            ],
            "version": "==19.0"
        },
        "paho-mqtt": {
            "hashes": [
                "sha256:e440a052b46d222e184be3be38676378722072fcd4dfd2c8f509fb861a7b0b79"
            ],
            "index": "pypi",
            "version": "==1.4.0"
        },
        "pandas": {
            "hashes": [
                "sha256:071e42b89b57baa17031af8c6b6bbd2e9a5c68c595bc6bf9adabd7a9ed125d3b",
                "sha256:17450e25ae69e2e6b303817bdf26b2cd57f69595d8550a77c308be0cd0fd58fa",
                "sha256:17916d818592c9ec891cbef2e90f98cc85e0f1e89ed0924c9b5220dc3209c846",
                "sha256:2538f099ab0e9f9c9d09bbcd94b47fd889bad06dc7ae96b1ed583f1dc1a7a822",
                "sha256:366f30710172cb45a6b4f43b66c220653b1ea50303fbbd94e50571637ffb9167",
                "sha256:42e5ad741a0d09232efbc7fc648226ed93306551772fc8aecc6dce9f0e676794",
                "sha256:4e718e7f395ba5bfe8b6f6aaf2ff1c65a09bb77a36af6394621434e7cc813204",
                "sha256:4f919f409c433577a501e023943e582c57355d50a724c589e78bc1d551a535a2",
                "sha256:4fe0d7e6438212e839fc5010c78b822664f1a824c0d263fd858f44131d9166e2",
                "sha256:5149a6db3e74f23dc3f5a216c2c9ae2e12920aa2d4a5b77e44e5b804a5f93248",
                "sha256:627594338d6dd995cfc0bacd8e654cd9e1252d2a7c959449228df6740d737eb8",
                "sha256:83c702615052f2a0a7fb1dd289726e29ec87a27272d775cb77affe749cca28f8",
                "sha256:8c872f7fdf3018b7891e1e3e86c55b190e6c5cee70cab771e8f246c855001296",
                "sha256:90f116086063934afd51e61a802a943826d2aac572b2f7d55caaac51c13db5b5",
                "sha256:a3352bacac12e1fc646213b998bce586f965c9d431773d9e91db27c7c48a1f7d",
                "sha256:bcdd06007cca02d51350f96debe51331dec429ac8f93930a43eb8fb5639e3eb5",
                "sha256:c1bd07ebc15285535f61ddd8c0c75d0d6293e80e1ee6d9a8d73f3f36954342d0",
                "sha256:c9a4b7c55115eb278c19aa14b34fcf5920c8fe7797a09b7b053ddd6195ea89b3",
                "sha256:cc8fc0c7a8d5951dc738f1c1447f71c43734244453616f32b8aa0ef6013a5dfb",
                "sha256:d7b460bc316064540ce0c41c1438c416a40746fd8a4fb2999668bf18f3c4acf1"
            ],
            "index": "pypi",
            "version": "==0.24.2"
        },
        "parso": {
            "hashes": [
                "sha256:5052bb33be034cba784193e74b1cde6ebf29ae8b8c1e4ad94df0c4209bfc4826",
                "sha256:db5881df1643bf3e66c097bfd8935cf03eae73f4cb61ae4433c9ea4fb6613446"
            ],
            "version": "==0.5.0"
        },
        "pexpect": {
            "hashes": [
                "sha256:2094eefdfcf37a1fdbfb9aa090862c1a4878e5c7e0e7e7088bdb511c558e5cd1",
                "sha256:9e2c1fd0e6ee3a49b28f95d4b33bc389c89b20af6a1255906e90ff1262ce62eb"
            ],
            "markers": "sys_platform != 'win32'",
            "version": "==4.7.0"
        },
        "pickleshare": {
            "hashes": [
                "sha256:87683d47965c1da65cdacaf31c8441d12b8044cdec9aca500cd78fc2c683afca",
                "sha256:9649af414d74d4df115d5d718f82acb59c9d418196b7b4290ed47a12ce62df56"
            ],
            "version": "==0.7.5"
        },
        "pluggy": {
            "hashes": [
                "sha256:0825a152ac059776623854c1543d65a4ad408eb3d33ee114dff91e57ec6ae6fc",
                "sha256:b9817417e95936bf75d85d3f8767f7df6cdde751fc40aed3bb3074cbcb77757c"
            ],
            "version": "==0.12.0"
        },
        "prompt-toolkit": {
            "hashes": [
                "sha256:11adf3389a996a6d45cc277580d0d53e8a5afd281d0c9ec71b28e6f121463780",
                "sha256:2519ad1d8038fd5fc8e770362237ad0364d16a7650fb5724af6997ed5515e3c1",
                "sha256:977c6583ae813a37dc1c2e1b715892461fcbdaa57f6fc62f33a528c4886c8f55"
            ],
            "version": "==2.0.9"
        },
        "ptyprocess": {
            "hashes": [
                "sha256:923f299cc5ad920c68f2bc0bc98b75b9f838b93b599941a6b63ddbc2476394c0",
                "sha256:d7cc528d76e76342423ca640335bd3633420dc1366f258cb31d05e865ef5ca1f"
            ],
            "version": "==0.6.0"
        },
        "py": {
            "hashes": [
                "sha256:64f65755aee5b381cea27766a3a147c3f15b9b6b9ac88676de66ba2ae36793fa",
                "sha256:dc639b046a6e2cff5bbe40194ad65936d6ba360b52b3c3fe1d08a82dd50b5e53"
            ],
            "version": "==1.8.0"
        },
        "pygments": {
            "hashes": [
                "sha256:71e430bc85c88a430f000ac1d9b331d2407f681d6f6aec95e8bcfbc3df5b0127",
                "sha256:881c4c157e45f30af185c1ffe8d549d48ac9127433f2c380c24b84572ad66297"
            ],
            "version": "==2.4.2"
        },
        "pylint": {
            "hashes": [
                "sha256:5d77031694a5fb97ea95e828c8d10fc770a1df6eb3906067aaed42201a8a6a09",
                "sha256:723e3db49555abaf9bf79dc474c6b9e2935ad82230b10c1138a71ea41ac0fff1"
            ],
            "index": "pypi",
            "version": "==2.3.1"
        },
        "pyparsing": {
            "hashes": [
                "sha256:1873c03321fc118f4e9746baf201ff990ceb915f433f23b395f5580d1840cb2a",
                "sha256:9b6323ef4ab914af344ba97510e966d64ba91055d6b9afa6b30799340e89cc03"
            ],
            "version": "==2.4.0"
        },
        "pytest": {
            "hashes": [
                "sha256:6ef6d06de77ce2961156013e9dff62f1b2688aa04d0dc244299fe7d67e09370d",
                "sha256:a736fed91c12681a7b34617c8fcefe39ea04599ca72c608751c31d89579a3f77"
            ],
            "index": "pypi",
            "version": "==5.0.1"
        },
        "python-dateutil": {
            "hashes": [
                "sha256:7e6584c74aeed623791615e26efd690f29817a27c73085b78e4bad02493df2fb",
                "sha256:c89805f6f4d64db21ed966fda138f8a5ed7a4fdbc1a8ee329ce1b74e3c74da9e"
            ],
            "version": "==2.8.0"
        },
        "pytz": {
            "hashes": [
                "sha256:303879e36b721603cc54604edcac9d20401bdbe31e1e4fdee5b9f98d5d31dfda",
                "sha256:d747dd3d23d77ef44c6a3526e274af6efeb0a6f1afd5a69ba4d5be4098c8e141"
            ],
            "version": "==2019.1"
        },
        "rope": {
            "hashes": [
                "sha256:6b728fdc3e98a83446c27a91fc5d56808a004f8beab7a31ab1d7224cecc7d969",
                "sha256:c5c5a6a87f7b1a2095fb311135e2a3d1f194f5ecb96900fdd0a9100881f48aaf",
                "sha256:f0dcf719b63200d492b85535ebe5ea9b29e0d0b8aebeb87fe03fc1a65924fdaf"
            ],
            "index": "pypi",
            "version": "==0.14.0"
        },
        "scales": {
            "hashes": [
                "sha256:8b6930f7d4bf115192290b44c757af5e254e3fcfcb75ff9a51f5c96a404e2753"
            ],
            "index": "pypi",
            "version": "==1.0.9"
        },
        "six": {
            "hashes": [
                "sha256:3350809f0555b11f552448330d0b52d5f24c91a322ea4a15ef22629740f3761c",
                "sha256:d16a0141ec1a18405cd4ce8b4613101da75da0e9a7aec5bdd4fa804d0e0eba73"
            ],
            "version": "==1.12.0"
        },
        "tqdm": {
            "hashes": [
                "sha256:14a285392c32b6f8222ecfbcd217838f88e11630affe9006cd0e94c7eff3cb61",
                "sha256:25d4c0ea02a305a688e7e9c2cdc8f862f989ef2a4701ab28ee963295f5b109ab"
            ],
            "index": "pypi",
            "version": "==4.32.2"
        },
        "traitlets": {
            "hashes": [
                "sha256:9c4bd2d267b7153df9152698efb1050a5d84982d3384a37b2c1f7723ba3e7835",
                "sha256:c6cb5e6f57c5a9bdaa40fa71ce7b4af30298fbab9ece9815b5d995ab6217c7d9"
            ],
            "version": "==4.3.2"
        },
        "typed-ast": {
            "hashes": [
                "sha256:18511a0b3e7922276346bcb47e2ef9f38fb90fd31cb9223eed42c85d1312344e",
                "sha256:262c247a82d005e43b5b7f69aff746370538e176131c32dda9cb0f324d27141e",
                "sha256:2b907eb046d049bcd9892e3076c7a6456c93a25bebfe554e931620c90e6a25b0",
                "sha256:354c16e5babd09f5cb0ee000d54cfa38401d8b8891eefa878ac772f827181a3c",
                "sha256:4e0b70c6fc4d010f8107726af5fd37921b666f5b31d9331f0bd24ad9a088e631",
                "sha256:630968c5cdee51a11c05a30453f8cd65e0cc1d2ad0d9192819df9978984529f4",
                "sha256:66480f95b8167c9c5c5c87f32cf437d585937970f3fc24386f313a4c97b44e34",
                "sha256:71211d26ffd12d63a83e079ff258ac9d56a1376a25bc80b1cdcdf601b855b90b",
                "sha256:95bd11af7eafc16e829af2d3df510cecfd4387f6453355188342c3e79a2ec87a",
                "sha256:bc6c7d3fa1325a0c6613512a093bc2a2a15aeec350451cbdf9e1d4bffe3e3233",
                "sha256:cc34a6f5b426748a507dd5d1de4c1978f2eb5626d51326e43280941206c209e1",
                "sha256:d755f03c1e4a51e9b24d899561fec4ccaf51f210d52abdf8c07ee2849b212a36",
                "sha256:d7c45933b1bdfaf9f36c579671fec15d25b06c8398f113dab64c18ed1adda01d",
                "sha256:d896919306dd0aa22d0132f62a1b78d11aaf4c9fc5b3410d3c666b818191630a",
                "sha256:ffde2fbfad571af120fcbfbbc61c72469e72f550d676c3342492a9dfdefb8f12"
            ],
            "markers": "implementation_name == 'cpython'",
            "version": "==1.4.0"
        },
        "wcwidth": {
            "hashes": [
                "sha256:3df37372226d6e63e1b1e1eda15c594bca98a22d33a23832a90998faa96bc65e",
                "sha256:f4ebe71925af7b40a864553f761ed559b43544f8f71746c2d756c7fe788ade7c"
            ],
            "version": "==0.1.7"
        },
        "wrapt": {
            "hashes": [
                "sha256:565a021fd19419476b9362b05eeaa094178de64f8361e44468f9e9d7843901e1"
            ],
            "version": "==1.11.2"
        },
        "yapf": {
            "hashes": [
                "sha256:34f6f80c446dcb2c44bd644c4037a2024b6645e293a4c9c4521983dd0bb247a1",
                "sha256:613deba14233623ff3432d9d5032631b5f600be97b39f66932cbe67648bfa8ea"
            ],
            "index": "pypi",
            "version": "==0.27.0"
        },
        "zipp": {
            "hashes": [
                "sha256:4970c3758f4e89a7857a973b1e2a5d75bcdc47794442f2e2dd4fe8e0466e809a",
                "sha256:8a5712cfd3bb4248015eb3b0b3c54a5f6ee3f2425963ef2a0125b8bc40aafaec"
            ],
            "version": "==0.5.2"
        }
    },
    "develop": {}
}
